
Microsoft Visual Studio Solution File, Format Version 12.00
# Visual Studio Version 17
VisualStudioVersion = 17.5.33424.131
MinimumVisualStudioVersion = 10.0.40219.1
Project("{FAE04EC0-301F-11D3-BF4B-00C04F79EFBC}") = "FootballManager.API", "FootballManager.API\FootballManager.API.csproj", "{44F021AB-7F90-4893-9F40-A01FC612B2BE}"
EndProject
Global
	GlobalSection(SolutionConfigurationPlatforms) = preSolution
		Debug|Any CPU = Debug|Any CPU
		Release|Any CPU = Release|Any CPU
	EndGlobalSection
	GlobalSection(ProjectConfigurationPlatforms) = postSolution
		{44F021AB-7F90-4893-9F40-A01FC612B2BE}.Debug|Any CPU.ActiveCfg = Debug|Any CPU
		{44F021AB-7F90-4893-9F40-A01FC612B2BE}.Debug|Any CPU.Build.0 = Debug|Any CPU
		{44F021AB-7F90-4893-9F40-A01FC612B2BE}.Release|Any CPU.ActiveCfg = Release|Any CPU
		{44F021AB-7F90-4893-9F40-A01FC612B2BE}.Release|Any CPU.Build.0 = Release|Any CPU
	EndGlobalSection
	GlobalSection(SolutionProperties) = preSolution
		HideSolutionNode = FALSE
	EndGlobalSection
	GlobalSection(ExtensibilityGlobals) = postSolution
		SolutionGuid = {E43CF688-06A1-4769-8353-FC712628BD2D}
	EndGlobalSection
EndGlobal
